github.com/joaopandolfi/core v0.0.0-20250227162826-246be7c4b3ff h1:6oife6RpbYLDLkLJw6iXJkGAJsbX4b3cbnkRYx3Ton4=
github.com/joaopandolfi/core v0.0.0-20250227162826-246be7c4b3ff/go.mod h1:dubJb1P6cSuYOqQvBX/R9inWvHPMDuXCEwqwZfzXWTk=
github.com/joaopandolfi/core v0.0.0-20250320002200-9e435dd4d404 h1:YcnYeqObLUluLR3FRsFz+DN81zEzqfeWj1B6Dr/O8ds=
github.com/joaopandolfi/core v0.0.0-20250320002200-9e435dd4d404/go.mod h1:cs19K4yBM1F+VAJfR2mNGsNaQABqpAadgkIqQM0Hc0M=
github.com/go-logr/logr v1.4.2 h1:6pFjapn8bFcIbiKo3XT4j/BhANplGihG6tvd+8rYgrY=
github.com/go-logr/logr v1.4.2/go.mod h1:9T104GzyrTigFIr8wt5mBrctHMim0Nb2HLGrmQ40KvY=
