github.com/agent-api/core v0.0.0-20250213143732-77b2a39cf1f9 h1:bxpmrZmFlrhXZrs3lKnCMa/8jLYji9QD8LhK4wNjfUU=
github.com/agent-api/core v0.0.0-20250213143732-77b2a39cf1f9/go.mod h1:dubJb1P6cSuYOqQvBX/R9inWvHPMDuXCEwqwZfzXWTk=
github.com/go-logr/logr v1.4.2 h1:6pFjapn8bFcIbiKo3XT4j/BhANplGihG6tvd+8rYgrY=
github.com/go-logr/logr v1.4.2/go.mod h1:9T104GzyrTigFIr8wt5mBrctHMim0Nb2HLGrmQ40KvY=
